PATH
  remote: .
  specs:
    minitest-fork_executor (1.1.0)
      minitest

GEM
  remote: https://rubygems.org/
  specs:
    drb (2.2.3)
    minitest (6.0.6)
      drb (~> 2.0)
      prism (~> 1.5)
    ostruct (0.6.3)
    prism (1.9.0)
    rake (13.0.6)

PLATFORMS
  arm64-darwin-25
  ruby

DEPENDENCIES
  minitest-fork_executor!
  ostruct
  rake (~> 13.0.0)

BUNDLED WITH
   2.6.9
